
Microsoft Visual Studio Solution File, Format Version 12.00
# Visual Studio Version 17
VisualStudioVersion = 17.6.33829.357
MinimumVisualStudioVersion = 10.0.40219.1
Project("{FAE04EC0-301F-11D3-BF4B-00C04F79EFBC}") = "BS.Business", "BS.Business\BS.Business.csproj", "{6A897D22-4DA2-4CD0-8EBF-9DFD9BFBFB28}"
EndProject
Project("{FAE04EC0-301F-11D3-BF4B-00C04F79EFBC}") = "BS.DataAccess", "BS.DataAccess\BS.DataAccess.csproj", "{4EF51B04-5E13-4495-B306-4DD4E756EC2F}"
EndProject
Project("{FAE04EC0-301F-11D3-BF4B-00C04F79EFBC}") = "BS.Model", "BS.Model\BS.Model.csproj", "{BD828186-8D32-42BE-BE32-6B71BF665EF0}"
EndProject
Project("{FAE04EC0-301F-11D3-BF4B-00C04F79EFBC}") = "BS.WebAPI", "BS.WebAPI\BS.WebAPI.csproj", "{28B13EA9-FEDC-4AC5-ACE3-729909EF310B}"
EndProject
Project("{FAE04EC0-301F-11D3-BF4B-00C04F79EFBC}") = "Infrastructure", "Infrastructure\Infrastructure.csproj", "{64E7381D-8FE6-4370-A02F-20FCCE13C7C0}"
EndProject
Global
	GlobalSection(SolutionConfigurationPlatforms) = preSolution
		Debug|Any CPU = Debug|Any CPU
		Release|Any CPU = Release|Any CPU
	EndGlobalSection
	GlobalSection(ProjectConfigurationPlatforms) = postSolution
		{6A897D22-4DA2-4CD0-8EBF-9DFD9BFBFB28}.Debug|Any CPU.ActiveCfg = Debug|Any CPU
		{6A897D22-4DA2-4CD0-8EBF-9DFD9BFBFB28}.Debug|Any CPU.Build.0 = Debug|Any CPU
		{6A897D22-4DA2-4CD0-8EBF-9DFD9BFBFB28}.Release|Any CPU.ActiveCfg = Release|Any CPU
		{6A897D22-4DA2-4CD0-8EBF-9DFD9BFBFB28}.Release|Any CPU.Build.0 = Release|Any CPU
		{4EF51B04-5E13-4495-B306-4DD4E756EC2F}.Debug|Any CPU.ActiveCfg = Debug|Any CPU
		{4EF51B04-5E13-4495-B306-4DD4E756EC2F}.Debug|Any CPU.Build.0 = Debug|Any CPU
		{4EF51B04-5E13-4495-B306-4DD4E756EC2F}.Release|Any CPU.ActiveCfg = Release|Any CPU
		{4EF51B04-5E13-4495-B306-4DD4E756EC2F}.Release|Any CPU.Build.0 = Release|Any CPU
		{BD828186-8D32-42BE-BE32-6B71BF665EF0}.Debug|Any CPU.ActiveCfg = Debug|Any CPU
		{BD828186-8D32-42BE-BE32-6B71BF665EF0}.Debug|Any CPU.Build.0 = Debug|Any CPU
		{BD828186-8D32-42BE-BE32-6B71BF665EF0}.Release|Any CPU.ActiveCfg = Release|Any CPU
		{BD828186-8D32-42BE-BE32-6B71BF665EF0}.Release|Any CPU.Build.0 = Release|Any CPU
		{28B13EA9-FEDC-4AC5-ACE3-729909EF310B}.Debug|Any CPU.ActiveCfg = Debug|Any CPU
		{28B13EA9-FEDC-4AC5-ACE3-729909EF310B}.Debug|Any CPU.Build.0 = Debug|Any CPU
		{28B13EA9-FEDC-4AC5-ACE3-729909EF310B}.Release|Any CPU.ActiveCfg = Release|Any CPU
		{28B13EA9-FEDC-4AC5-ACE3-729909EF310B}.Release|Any CPU.Build.0 = Release|Any CPU
		{64E7381D-8FE6-4370-A02F-20FCCE13C7C0}.Debug|Any CPU.ActiveCfg = Debug|Any CPU
		{64E7381D-8FE6-4370-A02F-20FCCE13C7C0}.Debug|Any CPU.Build.0 = Debug|Any CPU
		{64E7381D-8FE6-4370-A02F-20FCCE13C7C0}.Release|Any CPU.ActiveCfg = Release|Any CPU
		{64E7381D-8FE6-4370-A02F-20FCCE13C7C0}.Release|Any CPU.Build.0 = Release|Any CPU
	EndGlobalSection
	GlobalSection(SolutionProperties) = preSolution
		HideSolutionNode = FALSE
	EndGlobalSection
	GlobalSection(ExtensibilityGlobals) = postSolution
		SolutionGuid = {FAAFF4B0-5203-459F-9123-DEB15C4F9188}
	EndGlobalSection
EndGlobal
